
Microsoft Visual Studio Solution File, Format Version 12.00
# Visual Studio Version 17
VisualStudioVersion = 17.5.002.0
MinimumVisualStudioVersion = 10.0.40219.1
Project("{2150E333-8FDC-42A3-9474-1A3956D46DE8}") = "Learn C#", "Learn C#", "{C1B9247A-095D-46F9-88D9-A63384A00F20}"
	ProjectSection(SolutionItems) = preProject
		description.md = description.md
	EndProjectSection
EndProject
Project("{9A19103F-16F7-4668-BE54-9A1E7A4F7556}") = "Programming_Languages", "Learn C#\Programming_Languages\Programming_Languages.csproj", "{B9999D2A-905D-4FB4-B4D8-6318A3B56F29}"
EndProject
Global
	GlobalSection(SolutionConfigurationPlatforms) = preSolution
		Debug|Any CPU = Debug|Any CPU
		Release|Any CPU = Release|Any CPU
	EndGlobalSection
	GlobalSection(ProjectConfigurationPlatforms) = postSolution
		{B9999D2A-905D-4FB4-B4D8-6318A3B56F29}.Debug|Any CPU.ActiveCfg = Debug|Any CPU
		{B9999D2A-905D-4FB4-B4D8-6318A3B56F29}.Debug|Any CPU.Build.0 = Debug|Any CPU
		{B9999D2A-905D-4FB4-B4D8-6318A3B56F29}.Release|Any CPU.ActiveCfg = Release|Any CPU
		{B9999D2A-905D-4FB4-B4D8-6318A3B56F29}.Release|Any CPU.Build.0 = Release|Any CPU
	EndGlobalSection
	GlobalSection(SolutionProperties) = preSolution
		HideSolutionNode = FALSE
	EndGlobalSection
	GlobalSection(NestedProjects) = preSolution
		{B9999D2A-905D-4FB4-B4D8-6318A3B56F29} = {C1B9247A-095D-46F9-88D9-A63384A00F20}
	EndGlobalSection
	GlobalSection(ExtensibilityGlobals) = postSolution
		SolutionGuid = {C4806949-1CFA-452C-ADC1-0A31783BCF60}
	EndGlobalSection
EndGlobal
